
Microsoft Visual Studio Solution File, Format Version 12.00
# Visual Studio Version 17
VisualStudioVersion = 17.8.35027.43
MinimumVisualStudioVersion = 10.0.40219.1
Project("{9A19103F-16F7-4668-BE54-9A1E7A4F7556}") = "AdsUtilities", "src\AdsUtilities\AdsUtilities.csproj", "{A87270DB-CCD7-42AE-A1A5-7BF67058744B}"
EndProject
Project("{9A19103F-16F7-4668-BE54-9A1E7A4F7556}") = "AdsUtilitiesTests", "test\AdsUtilitiesTests\AdsUtilitiesTests.csproj", "{454733F0-CB1A-4632-9803-6F6D1D13C383}"
EndProject
Project("{9A19103F-16F7-4668-BE54-9A1E7A4F7556}") = "AdsUtilitiesUI", "gui\AdsUtilitiesUI\AdsUtilitiesUI.csproj", "{AA7D3C60-2B9E-4E8C-B195-8D23E8114383}"
EndProject
Global
	GlobalSection(SolutionConfigurationPlatforms) = preSolution
		Debug|Any CPU = Debug|Any CPU
		Release|Any CPU = Release|Any CPU
	EndGlobalSection
	GlobalSection(ProjectConfigurationPlatforms) = postSolution
		{A87270DB-CCD7-42AE-A1A5-7BF67058744B}.Debug|Any CPU.ActiveCfg = Debug|Any CPU
		{A87270DB-CCD7-42AE-A1A5-7BF67058744B}.Debug|Any CPU.Build.0 = Debug|Any CPU
		{A87270DB-CCD7-42AE-A1A5-7BF67058744B}.Release|Any CPU.ActiveCfg = Release|Any CPU
		{A87270DB-CCD7-42AE-A1A5-7BF67058744B}.Release|Any CPU.Build.0 = Release|Any CPU
		{454733F0-CB1A-4632-9803-6F6D1D13C383}.Debug|Any CPU.ActiveCfg = Debug|Any CPU
		{454733F0-CB1A-4632-9803-6F6D1D13C383}.Debug|Any CPU.Build.0 = Debug|Any CPU
		{454733F0-CB1A-4632-9803-6F6D1D13C383}.Release|Any CPU.ActiveCfg = Release|Any CPU
		{454733F0-CB1A-4632-9803-6F6D1D13C383}.Release|Any CPU.Build.0 = Release|Any CPU
		{AA7D3C60-2B9E-4E8C-B195-8D23E8114383}.Debug|Any CPU.ActiveCfg = Debug|Any CPU
		{AA7D3C60-2B9E-4E8C-B195-8D23E8114383}.Debug|Any CPU.Build.0 = Debug|Any CPU
		{AA7D3C60-2B9E-4E8C-B195-8D23E8114383}.Release|Any CPU.ActiveCfg = Release|Any CPU
		{AA7D3C60-2B9E-4E8C-B195-8D23E8114383}.Release|Any CPU.Build.0 = Release|Any CPU
	EndGlobalSection
	GlobalSection(SolutionProperties) = preSolution
		HideSolutionNode = FALSE
	EndGlobalSection
	GlobalSection(ExtensibilityGlobals) = postSolution
		SolutionGuid = {2B1B782B-49F4-4708-84C8-2AA7F0790D5A}
	EndGlobalSection
EndGlobal
